
Microsoft Visual Studio Solution File, Format Version 12.00
# Visual Studio 14
VisualStudioVersion = 14.0.24720.0
MinimumVisualStudioVersion = 10.0.40219.1
Project("{FAE04EC0-301F-11D3-BF4B-00C04F79EFBC}") = "WechatRobot", "WechatRobot\WechatRobot.csproj", "{A81E27E4-BA5E-42F2-8865-1010872E3B77}"
EndProject
Project("{FAE04EC0-301F-11D3-BF4B-00C04F79EFBC}") = "WechatRobot.Entity", "WechatRobot.Entity\WechatRobot.Entity.csproj", "{A05AB310-BFBB-4954-871D-9C01F1694661}"
EndProject
Project("{FAE04EC0-301F-11D3-BF4B-00C04F79EFBC}") = "WechatRobot.Operation", "WechatRobot.Operation\WechatRobot.Operation.csproj", "{4B0C2DBD-F369-4ECD-B627-1C6D17011B06}"
EndProject
Global
	GlobalSection(SolutionConfigurationPlatforms) = preSolution
		Debug|Any CPU = Debug|Any CPU
		Release|Any CPU = Release|Any CPU
	EndGlobalSection
	GlobalSection(ProjectConfigurationPlatforms) = postSolution
		{A81E27E4-BA5E-42F2-8865-1010872E3B77}.Debug|Any CPU.ActiveCfg = Debug|Any CPU
		{A81E27E4-BA5E-42F2-8865-1010872E3B77}.Debug|Any CPU.Build.0 = Debug|Any CPU
		{A81E27E4-BA5E-42F2-8865-1010872E3B77}.Release|Any CPU.ActiveCfg = Release|Any CPU
		{A81E27E4-BA5E-42F2-8865-1010872E3B77}.Release|Any CPU.Build.0 = Release|Any CPU
		{A05AB310-BFBB-4954-871D-9C01F1694661}.Debug|Any CPU.ActiveCfg = Debug|Any CPU
		{A05AB310-BFBB-4954-871D-9C01F1694661}.Debug|Any CPU.Build.0 = Debug|Any CPU
		{A05AB310-BFBB-4954-871D-9C01F1694661}.Release|Any CPU.ActiveCfg = Release|Any CPU
		{A05AB310-BFBB-4954-871D-9C01F1694661}.Release|Any CPU.Build.0 = Release|Any CPU
		{4B0C2DBD-F369-4ECD-B627-1C6D17011B06}.Debug|Any CPU.ActiveCfg = Debug|Any CPU
		{4B0C2DBD-F369-4ECD-B627-1C6D17011B06}.Debug|Any CPU.Build.0 = Debug|Any CPU
		{4B0C2DBD-F369-4ECD-B627-1C6D17011B06}.Release|Any CPU.ActiveCfg = Release|Any CPU
		{4B0C2DBD-F369-4ECD-B627-1C6D17011B06}.Release|Any CPU.Build.0 = Release|Any CPU
	EndGlobalSection
	GlobalSection(SolutionProperties) = preSolution
		HideSolutionNode = FALSE
	EndGlobalSection
EndGlobal
